
Microsoft Visual Studio Solution File, Format Version 12.00
# Visual Studio Version 17
VisualStudioVersion = 17.7.33711.374
MinimumVisualStudioVersion = 10.0.40219.1
Project("{FAE04EC0-301F-11D3-BF4B-00C04F79EFBC}") = "devcenter-demo-app", "devcenter-demo-app.csproj", "{DBF92950-3F91-43D8-91BA-7D411056AE58}"
EndProject
Global
	GlobalSection(SolutionConfigurationPlatforms) = preSolution
		Debug|Any CPU = Debug|Any CPU
		Release|Any CPU = Release|Any CPU
	EndGlobalSection
	GlobalSection(ProjectConfigurationPlatforms) = postSolution
		{DBF92950-3F91-43D8-91BA-7D411056AE58}.Debug|Any CPU.ActiveCfg = Debug|Any CPU
		{DBF92950-3F91-43D8-91BA-7D411056AE58}.Debug|Any CPU.Build.0 = Debug|Any CPU
		{DBF92950-3F91-43D8-91BA-7D411056AE58}.Release|Any CPU.ActiveCfg = Release|Any CPU
		{DBF92950-3F91-43D8-91BA-7D411056AE58}.Release|Any CPU.Build.0 = Release|Any CPU
	EndGlobalSection
	GlobalSection(SolutionProperties) = preSolution
		HideSolutionNode = FALSE
	EndGlobalSection
	GlobalSection(ExtensibilityGlobals) = postSolution
		SolutionGuid = {1649340C-D7A0-4E2A-8265-C5905FDA2F4F}
	EndGlobalSection
EndGlobal
